PODS:
  - Nimble (8.0.4)
  - Quick (2.2.0)
  - SnapKit (5.0.1)

DEPENDENCIES:
  - Nimble
  - Quick
  - SnapKit

SPEC REPOS:
  trunk:
    - Nimble
    - Quick
    - SnapKit

SPEC CHECKSUMS:
  Nimble: 18d5360282923225d62b09d781f63abc1a0111fc
  Quick: 7fb19e13be07b5dfb3b90d4f9824c855a11af40e
  SnapKit: 97b92857e3df3a0c71833cce143274bf6ef8e5eb

PODFILE CHECKSUM: 2b817cbcbacbf81a9c3fb71e5fab9a4e02733e82

COCOAPODS: 1.8.4
