// !$*UTF8*$!
{
	archiveVersion = 1;
	classes = {
	};
	objectVersion = 50;
	objects = {

/* Begin PBXBuildFile section */
		2442345F2622732D009AAFDD /* TypeStyleApp.swift in Sources */ = {isa = PBXBuildFile; fileRef = 2442345E2622732D009AAFDD /* TypeStyleApp.swift */; };
		244234612622732D009AAFDD /* ContentView.swift in Sources */ = {isa = PBXBuildFile; fileRef = 244234602622732D009AAFDD /* ContentView.swift */; };
		244234632622732D009AAFDD /* Assets.xcassets in Resources */ = {isa = PBXBuildFile; fileRef = 244234622622732D009AAFDD /* Assets.xcassets */; };
		244234662622732D009AAFDD /* Preview Assets.xcassets in Resources */ = {isa = PBXBuildFile; fileRef = 244234652622732D009AAFDD /* Preview Assets.xcassets */; };
		244234712622732D009AAFDD /* TypeStyleTests.swift in Sources */ = {isa = PBXBuildFile; fileRef = 244234702622732D009AAFDD /* TypeStyleTests.swift */; };
		2442348D262278FC009AAFDD /* Color+.swift in Sources */ = {isa = PBXBuildFile; fileRef = 2442348C262278FC009AAFDD /* Color+.swift */; };
		24423490262279A5009AAFDD /* StoreKit.framework in Frameworks */ = {isa = PBXBuildFile; fileRef = 2442348F262279A5009AAFDD /* StoreKit.framework */; };
		24423493262279BF009AAFDD /* Notification.Name+.swift in Sources */ = {isa = PBXBuildFile; fileRef = 24423492262279BF009AAFDD /* Notification.Name+.swift */; };
		24423495262279ED009AAFDD /* IAPHelper.swift in Sources */ = {isa = PBXBuildFile; fileRef = 24423494262279ED009AAFDD /* IAPHelper.swift */; };
		24423497262279F4009AAFDD /* Products.swift in Sources */ = {isa = PBXBuildFile; fileRef = 24423496262279F4009AAFDD /* Products.swift */; };
		2442349926227A07009AAFDD /* Global.swift in Sources */ = {isa = PBXBuildFile; fileRef = 2442349826227A07009AAFDD /* Global.swift */; };
		2442349B26227A57009AAFDD /* Log.swift in Sources */ = {isa = PBXBuildFile; fileRef = 2442349A26227A57009AAFDD /* Log.swift */; };
		2442349F26228319009AAFDD /* StyleFactory.swift in Sources */ = {isa = PBXBuildFile; fileRef = 2442349E26228319009AAFDD /* StyleFactory.swift */; };
		244234A22622834C009AAFDD /* CustomTransformers.swift in Sources */ = {isa = PBXBuildFile; fileRef = 244234A12622834C009AAFDD /* CustomTransformers.swift */; };
		244234A426228355009AAFDD /* Transformer.swift in Sources */ = {isa = PBXBuildFile; fileRef = 244234A326228355009AAFDD /* Transformer.swift */; };
		244234A626228363009AAFDD /* DecorationFactory.swift in Sources */ = {isa = PBXBuildFile; fileRef = 244234A526228363009AAFDD /* DecorationFactory.swift */; };
		244234A8262283F2009AAFDD /* EmoticonFactory.swift in Sources */ = {isa = PBXBuildFile; fileRef = 244234A7262283F2009AAFDD /* EmoticonFactory.swift */; };
		244234AB2622843D009AAFDD /* TransformerManager.swift in Sources */ = {isa = PBXBuildFile; fileRef = 244234AA2622843D009AAFDD /* TransformerManager.swift */; };
		244234AD262284A7009AAFDD /* MainTabView.swift in Sources */ = {isa = PBXBuildFile; fileRef = 244234AC262284A7009AAFDD /* MainTabView.swift */; };
		244234B026228875009AAFDD /* GeneratorView.swift in Sources */ = {isa = PBXBuildFile; fileRef = 244234AF26228875009AAFDD /* GeneratorView.swift */; };
/* End PBXBuildFile section */

/* Begin PBXContainerItemProxy section */
		2442346D2622732D009AAFDD /* PBXContainerItemProxy */ = {
			isa = PBXContainerItemProxy;
			containerPortal = 244234532622732D009AAFDD /* Project object */;
			proxyType = 1;
			remoteGlobalIDString = 2442345A2622732D009AAFDD;
			remoteInfo = TypeStyle;
		};
/* End PBXContainerItemProxy section */

/* Begin PBXFileReference section */
		2442345B2622732D009AAFDD /* TypeStyle.app */ = {isa = PBXFileReference; explicitFileType = wrapper.application; includeInIndex = 0; path = TypeStyle.app; sourceTree = BUILT_PRODUCTS_DIR; };
		2442345E2622732D009AAFDD /* TypeStyleApp.swift */ = {isa = PBXFileReference; lastKnownFileType = sourcecode.swift; path = TypeStyleApp.swift; sourceTree = "<group>"; };
		244234602622732D009AAFDD /* ContentView.swift */ = {isa = PBXFileReference; lastKnownFileType = sourcecode.swift; path = ContentView.swift; sourceTree = "<group>"; };
		244234622622732D009AAFDD /* Assets.xcassets */ = {isa = PBXFileReference; lastKnownFileType = folder.assetcatalog; path = Assets.xcassets; sourceTree = "<group>"; };
		244234652622732D009AAFDD /* Preview Assets.xcassets */ = {isa = PBXFileReference; lastKnownFileType = folder.assetcatalog; path = "Preview Assets.xcassets"; sourceTree = "<group>"; };
		244234672622732D009AAFDD /* Info.plist */ = {isa = PBXFileReference; lastKnownFileType = text.plist.xml; path = Info.plist; sourceTree = "<group>"; };
		2442346C2622732D009AAFDD /* TypeStyleTests.xctest */ = {isa = PBXFileReference; explicitFileType = wrapper.cfbundle; includeInIndex = 0; path = TypeStyleTests.xctest; sourceTree = BUILT_PRODUCTS_DIR; };
		244234702622732D009AAFDD /* TypeStyleTests.swift */ = {isa = PBXFileReference; lastKnownFileType = sourcecode.swift; path = TypeStyleTests.swift; sourceTree = "<group>"; };
		244234722622732D009AAFDD /* Info.plist */ = {isa = PBXFileReference; lastKnownFileType = text.plist.xml; path = Info.plist; sourceTree = "<group>"; };
		2442348926227720009AAFDD /* TypeStyle.entitlements */ = {isa = PBXFileReference; lastKnownFileType = text.plist.entitlements; path = TypeStyle.entitlements; sourceTree = "<group>"; };
		2442348C262278FC009AAFDD /* Color+.swift */ = {isa = PBXFileReference; lastKnownFileType = sourcecode.swift; path = "Color+.swift"; sourceTree = "<group>"; };
		2442348F262279A5009AAFDD /* StoreKit.framework */ = {isa = PBXFileReference; lastKnownFileType = wrapper.framework; name = StoreKit.framework; path = Platforms/MacOSX.platform/Developer/SDKs/MacOSX11.3.sdk/System/iOSSupport/System/Library/Frameworks/StoreKit.framework; sourceTree = DEVELOPER_DIR; };
		24423492262279BF009AAFDD /* Notification.Name+.swift */ = {isa = PBXFileReference; lastKnownFileType = sourcecode.swift; path = "Notification.Name+.swift"; sourceTree = "<group>"; };
		24423494262279ED009AAFDD /* IAPHelper.swift */ = {isa = PBXFileReference; lastKnownFileType = sourcecode.swift; path = IAPHelper.swift; sourceTree = "<group>"; };
		24423496262279F4009AAFDD /* Products.swift */ = {isa = PBXFileReference; lastKnownFileType = sourcecode.swift; path = Products.swift; sourceTree = "<group>"; };
		2442349826227A07009AAFDD /* Global.swift */ = {isa = PBXFileReference; lastKnownFileType = sourcecode.swift; path = Global.swift; sourceTree = "<group>"; };
		2442349A26227A57009AAFDD /* Log.swift */ = {isa = PBXFileReference; lastKnownFileType = sourcecode.swift; path = Log.swift; sourceTree = "<group>"; };
		2442349E26228319009AAFDD /* StyleFactory.swift */ = {isa = PBXFileReference; lastKnownFileType = sourcecode.swift; path = StyleFactory.swift; sourceTree = "<group>"; };
		244234A12622834C009AAFDD /* CustomTransformers.swift */ = {isa = PBXFileReference; lastKnownFileType = sourcecode.swift; path = CustomTransformers.swift; sourceTree = "<group>"; };
		244234A326228355009AAFDD /* Transformer.swift */ = {isa = PBXFileReference; lastKnownFileType = sourcecode.swift; path = Transformer.swift; sourceTree = "<group>"; };
		244234A526228363009AAFDD /* DecorationFactory.swift */ = {isa = PBXFileReference; lastKnownFileType = sourcecode.swift; path = DecorationFactory.swift; sourceTree = "<group>"; };
		244234A7262283F2009AAFDD /* EmoticonFactory.swift */ = {isa = PBXFileReference; lastKnownFileType = sourcecode.swift; path = EmoticonFactory.swift; sourceTree = "<group>"; };
		244234AA2622843D009AAFDD /* TransformerManager.swift */ = {isa = PBXFileReference; lastKnownFileType = sourcecode.swift; path = TransformerManager.swift; sourceTree = "<group>"; };
		244234AC262284A7009AAFDD /* MainTabView.swift */ = {isa = PBXFileReference; lastKnownFileType = sourcecode.swift; path = MainTabView.swift; sourceTree = "<group>"; };
		244234AF26228875009AAFDD /* GeneratorView.swift */ = {isa = PBXFileReference; lastKnownFileType = sourcecode.swift; path = GeneratorView.swift; sourceTree = "<group>"; };
/* End PBXFileReference section */

/* Begin PBXFrameworksBuildPhase section */
		244234582622732D009AAFDD /* Frameworks */ = {
			isa = PBXFrameworksBuildPhase;
			buildActionMask = 2147483647;
			files = (
				24423490262279A5009AAFDD /* StoreKit.framework in Frameworks */,
			);
			runOnlyForDeploymentPostprocessing = 0;
		};
		244234692622732D009AAFDD /* Frameworks */ = {
			isa = PBXFrameworksBuildPhase;
			buildActionMask = 2147483647;
			files = (
			);
			runOnlyForDeploymentPostprocessing = 0;
		};
/* End PBXFrameworksBuildPhase section */

/* Begin PBXGroup section */
		244234522622732D009AAFDD = {
			isa = PBXGroup;
			children = (
				2442345D2622732D009AAFDD /* TypeStyle */,
				2442346F2622732D009AAFDD /* TypeStyleTests */,
				2442345C2622732D009AAFDD /* Products */,
				2442348E262279A5009AAFDD /* Frameworks */,
			);
			sourceTree = "<group>";
		};
		2442345C2622732D009AAFDD /* Products */ = {
			isa = PBXGroup;
			children = (
				2442345B2622732D009AAFDD /* TypeStyle.app */,
				2442346C2622732D009AAFDD /* TypeStyleTests.xctest */,
			);
			name = Products;
			sourceTree = "<group>";
		};
		2442345D2622732D009AAFDD /* TypeStyle */ = {
			isa = PBXGroup;
			children = (
				2442348A26227856009AAFDD /* Application */,
				2442349C26228301009AAFDD /* Generator */,
				2442348926227720009AAFDD /* TypeStyle.entitlements */,
				244234602622732D009AAFDD /* ContentView.swift */,
				244234622622732D009AAFDD /* Assets.xcassets */,
				244234672622732D009AAFDD /* Info.plist */,
				244234642622732D009AAFDD /* Preview Content */,
			);
			path = TypeStyle;
			sourceTree = "<group>";
		};
		244234642622732D009AAFDD /* Preview Content */ = {
			isa = PBXGroup;
			children = (
				244234652622732D009AAFDD /* Preview Assets.xcassets */,
			);
			path = "Preview Content";
			sourceTree = "<group>";
		};
		2442346F2622732D009AAFDD /* TypeStyleTests */ = {
			isa = PBXGroup;
			children = (
				244234702622732D009AAFDD /* TypeStyleTests.swift */,
				244234722622732D009AAFDD /* Info.plist */,
			);
			path = TypeStyleTests;
			sourceTree = "<group>";
		};
		2442348A26227856009AAFDD /* Application */ = {
			isa = PBXGroup;
			children = (
				2442348B262278F3009AAFDD /* Extensions */,
				24423491262279AB009AAFDD /* IAP */,
				244234A02622833F009AAFDD /* Models */,
				2442349826227A07009AAFDD /* Global.swift */,
				2442349A26227A57009AAFDD /* Log.swift */,
				2442345E2622732D009AAFDD /* TypeStyleApp.swift */,
				244234AC262284A7009AAFDD /* MainTabView.swift */,
			);
			path = Application;
			sourceTree = "<group>";
		};
		2442348B262278F3009AAFDD /* Extensions */ = {
			isa = PBXGroup;
			children = (
				2442348C262278FC009AAFDD /* Color+.swift */,
				24423492262279BF009AAFDD /* Notification.Name+.swift */,
			);
			path = Extensions;
			sourceTree = "<group>";
		};
		2442348E262279A5009AAFDD /* Frameworks */ = {
			isa = PBXGroup;
			children = (
				2442348F262279A5009AAFDD /* StoreKit.framework */,
			);
			name = Frameworks;
			sourceTree = "<group>";
		};
		24423491262279AB009AAFDD /* IAP */ = {
			isa = PBXGroup;
			children = (
				24423494262279ED009AAFDD /* IAPHelper.swift */,
				24423496262279F4009AAFDD /* Products.swift */,
			);
			path = IAP;
			sourceTree = "<group>";
		};
		2442349C26228301009AAFDD /* Generator */ = {
			isa = PBXGroup;
			children = (
				2442349D26228310009AAFDD /* Factories */,
				244234A926228433009AAFDD /* Managers */,
				244234AE262286A7009AAFDD /* Views */,
			);
			path = Generator;
			sourceTree = "<group>";
		};
		2442349D26228310009AAFDD /* Factories */ = {
			isa = PBXGroup;
			children = (
				2442349E26228319009AAFDD /* StyleFactory.swift */,
				244234A526228363009AAFDD /* DecorationFactory.swift */,
				244234A7262283F2009AAFDD /* EmoticonFactory.swift */,
			);
			path = Factories;
			sourceTree = "<group>";
		};
		244234A02622833F009AAFDD /* Models */ = {
			isa = PBXGroup;
			children = (
				244234A12622834C009AAFDD /* CustomTransformers.swift */,
				244234A326228355009AAFDD /* Transformer.swift */,
			);
			path = Models;
			sourceTree = "<group>";
		};
		244234A926228433009AAFDD /* Managers */ = {
			isa = PBXGroup;
			children = (
				244234AA2622843D009AAFDD /* TransformerManager.swift */,
			);
			path = Managers;
			sourceTree = "<group>";
		};
		244234AE262286A7009AAFDD /* Views */ = {
			isa = PBXGroup;
			children = (
				244234AF26228875009AAFDD /* GeneratorView.swift */,
			);
			path = Views;
			sourceTree = "<group>";
		};
/* End PBXGroup section */

/* Begin PBXNativeTarget section */
		2442345A2622732D009AAFDD /* TypeStyle */ = {
			isa = PBXNativeTarget;
			buildConfigurationList = 244234802622732D009AAFDD /* Build configuration list for PBXNativeTarget "TypeStyle" */;
			buildPhases = (
				244234572622732D009AAFDD /* Sources */,
				244234582622732D009AAFDD /* Frameworks */,
				244234592622732D009AAFDD /* Resources */,
			);
			buildRules = (
			);
			dependencies = (
			);
			name = TypeStyle;
			productName = TypeStyle;
			productReference = 2442345B2622732D009AAFDD /* TypeStyle.app */;
			productType = "com.apple.product-type.application";
		};
		2442346B2622732D009AAFDD /* TypeStyleTests */ = {
			isa = PBXNativeTarget;
			buildConfigurationList = 244234832622732D009AAFDD /* Build configuration list for PBXNativeTarget "TypeStyleTests" */;
			buildPhases = (
				244234682622732D009AAFDD /* Sources */,
				244234692622732D009AAFDD /* Frameworks */,
				2442346A2622732D009AAFDD /* Resources */,
			);
			buildRules = (
			);
			dependencies = (
				2442346E2622732D009AAFDD /* PBXTargetDependency */,
			);
			name = TypeStyleTests;
			productName = TypeStyleTests;
			productReference = 2442346C2622732D009AAFDD /* TypeStyleTests.xctest */;
			productType = "com.apple.product-type.bundle.unit-test";
		};
/* End PBXNativeTarget section */

/* Begin PBXProject section */
		244234532622732D009AAFDD /* Project object */ = {
			isa = PBXProject;
			attributes = {
				LastSwiftUpdateCheck = 1250;
				LastUpgradeCheck = 1250;
				TargetAttributes = {
					2442345A2622732D009AAFDD = {
						CreatedOnToolsVersion = 12.5;
					};
					2442346B2622732D009AAFDD = {
						CreatedOnToolsVersion = 12.5;
						TestTargetID = 2442345A2622732D009AAFDD;
					};
				};
			};
			buildConfigurationList = 244234562622732D009AAFDD /* Build configuration list for PBXProject "TypeStyle" */;
			compatibilityVersion = "Xcode 9.3";
			developmentRegion = en;
			hasScannedForEncodings = 0;
			knownRegions = (
				en,
				Base,
			);
			mainGroup = 244234522622732D009AAFDD;
			productRefGroup = 2442345C2622732D009AAFDD /* Products */;
			projectDirPath = "";
			projectRoot = "";
			targets = (
				2442345A2622732D009AAFDD /* TypeStyle */,
				2442346B2622732D009AAFDD /* TypeStyleTests */,
			);
		};
/* End PBXProject section */

/* Begin PBXResourcesBuildPhase section */
		244234592622732D009AAFDD /* Resources */ = {
			isa = PBXResourcesBuildPhase;
			buildActionMask = 2147483647;
			files = (
				244234662622732D009AAFDD /* Preview Assets.xcassets in Resources */,
				244234632622732D009AAFDD /* Assets.xcassets in Resources */,
			);
			runOnlyForDeploymentPostprocessing = 0;
		};
		2442346A2622732D009AAFDD /* Resources */ = {
			isa = PBXResourcesBuildPhase;
			buildActionMask = 2147483647;
			files = (
			);
			runOnlyForDeploymentPostprocessing = 0;
		};
/* End PBXResourcesBuildPhase section */

/* Begin PBXSourcesBuildPhase section */
		244234572622732D009AAFDD /* Sources */ = {
			isa = PBXSourcesBuildPhase;
			buildActionMask = 2147483647;
			files = (
				244234B026228875009AAFDD /* GeneratorView.swift in Sources */,
				244234A426228355009AAFDD /* Transformer.swift in Sources */,
				244234A8262283F2009AAFDD /* EmoticonFactory.swift in Sources */,
				244234A22622834C009AAFDD /* CustomTransformers.swift in Sources */,
				244234A626228363009AAFDD /* DecorationFactory.swift in Sources */,
				24423493262279BF009AAFDD /* Notification.Name+.swift in Sources */,
				244234612622732D009AAFDD /* ContentView.swift in Sources */,
				2442349F26228319009AAFDD /* StyleFactory.swift in Sources */,
				2442348D262278FC009AAFDD /* Color+.swift in Sources */,
				24423497262279F4009AAFDD /* Products.swift in Sources */,
				24423495262279ED009AAFDD /* IAPHelper.swift in Sources */,
				2442345F2622732D009AAFDD /* TypeStyleApp.swift in Sources */,
				2442349B26227A57009AAFDD /* Log.swift in Sources */,
				2442349926227A07009AAFDD /* Global.swift in Sources */,
				244234AB2622843D009AAFDD /* TransformerManager.swift in Sources */,
				244234AD262284A7009AAFDD /* MainTabView.swift in Sources */,
			);
			runOnlyForDeploymentPostprocessing = 0;
		};
		244234682622732D009AAFDD /* Sources */ = {
			isa = PBXSourcesBuildPhase;
			buildActionMask = 2147483647;
			files = (
				244234712622732D009AAFDD /* TypeStyleTests.swift in Sources */,
			);
			runOnlyForDeploymentPostprocessing = 0;
		};
/* End PBXSourcesBuildPhase section */

/* Begin PBXTargetDependency section */
		2442346E2622732D009AAFDD /* PBXTargetDependency */ = {
			isa = PBXTargetDependency;
			target = 2442345A2622732D009AAFDD /* TypeStyle */;
			targetProxy = 2442346D2622732D009AAFDD /* PBXContainerItemProxy */;
		};
/* End PBXTargetDependency section */

/* Begin XCBuildConfiguration section */
		2442347E2622732D009AAFDD /* Debug */ = {
			isa = XCBuildConfiguration;
			buildSettings = {
				ALWAYS_SEARCH_USER_PATHS = NO;
				CLANG_ANALYZER_NONNULL = YES;
				CLANG_ANALYZER_NUMBER_OBJECT_CONVERSION = YES_AGGRESSIVE;
				CLANG_CXX_LANGUAGE_STANDARD = "gnu++14";
				CLANG_CXX_LIBRARY = "libc++";
				CLANG_ENABLE_MODULES = YES;
				CLANG_ENABLE_OBJC_ARC = YES;
				CLANG_ENABLE_OBJC_WEAK = YES;
				CLANG_WARN_BLOCK_CAPTURE_AUTORELEASING = YES;
				CLANG_WARN_BOOL_CONVERSION = YES;
				CLANG_WARN_COMMA = YES;
				CLANG_WARN_CONSTANT_CONVERSION = YES;
				CLANG_WARN_DEPRECATED_OBJC_IMPLEMENTATIONS = YES;
				CLANG_WARN_DIRECT_OBJC_ISA_USAGE = YES_ERROR;
				CLANG_WARN_DOCUMENTATION_COMMENTS = YES;
				CLANG_WARN_EMPTY_BODY = YES;
				CLANG_WARN_ENUM_CONVERSION = YES;
				CLANG_WARN_INFINITE_RECURSION = YES;
				CLANG_WARN_INT_CONVERSION = YES;
				CLANG_WARN_NON_LITERAL_NULL_CONVERSION = YES;
				CLANG_WARN_OBJC_IMPLICIT_RETAIN_SELF = YES;
				CLANG_WARN_OBJC_LITERAL_CONVERSION = YES;
				CLANG_WARN_OBJC_ROOT_CLASS = YES_ERROR;
				CLANG_WARN_QUOTED_INCLUDE_IN_FRAMEWORK_HEADER = YES;
				CLANG_WARN_RANGE_LOOP_ANALYSIS = YES;
				CLANG_WARN_STRICT_PROTOTYPES = YES;
				CLANG_WARN_SUSPICIOUS_MOVE = YES;
				CLANG_WARN_UNGUARDED_AVAILABILITY = YES_AGGRESSIVE;
				CLANG_WARN_UNREACHABLE_CODE = YES;
				CLANG_WARN__DUPLICATE_METHOD_MATCH = YES;
				COPY_PHASE_STRIP = NO;
				DEBUG_INFORMATION_FORMAT = dwarf;
				ENABLE_STRICT_OBJC_MSGSEND = YES;
				ENABLE_TESTABILITY = YES;
				GCC_C_LANGUAGE_STANDARD = gnu11;
				GCC_DYNAMIC_NO_PIC = NO;
				GCC_NO_COMMON_BLOCKS = YES;
				GCC_OPTIMIZATION_LEVEL = 0;
				GCC_PREPROCESSOR_DEFINITIONS = (
					"DEBUG=1",
					"$(inherited)",
				);
				GCC_WARN_64_TO_32_BIT_CONVERSION = YES;
				GCC_WARN_ABOUT_RETURN_TYPE = YES_ERROR;
				GCC_WARN_UNDECLARED_SELECTOR = YES;
				GCC_WARN_UNINITIALIZED_AUTOS = YES_AGGRESSIVE;
				GCC_WARN_UNUSED_FUNCTION = YES;
				GCC_WARN_UNUSED_VARIABLE = YES;
				IPHONEOS_DEPLOYMENT_TARGET = 14.5;
				MTL_ENABLE_DEBUG_INFO = INCLUDE_SOURCE;
				MTL_FAST_MATH = YES;
				ONLY_ACTIVE_ARCH = YES;
				SDKROOT = iphoneos;
				SWIFT_ACTIVE_COMPILATION_CONDITIONS = DEBUG;
				SWIFT_OPTIMIZATION_LEVEL = "-Onone";
			};
			name = Debug;
		};
		2442347F2622732D009AAFDD /* Release */ = {
			isa = XCBuildConfiguration;
			buildSettings = {
				ALWAYS_SEARCH_USER_PATHS = NO;
				CLANG_ANALYZER_NONNULL = YES;
				CLANG_ANALYZER_NUMBER_OBJECT_CONVERSION = YES_AGGRESSIVE;
				CLANG_CXX_LANGUAGE_STANDARD = "gnu++14";
				CLANG_CXX_LIBRARY = "libc++";
				CLANG_ENABLE_MODULES = YES;
				CLANG_ENABLE_OBJC_ARC = YES;
				CLANG_ENABLE_OBJC_WEAK = YES;
				CLANG_WARN_BLOCK_CAPTURE_AUTORELEASING = YES;
				CLANG_WARN_BOOL_CONVERSION = YES;
				CLANG_WARN_COMMA = YES;
				CLANG_WARN_CONSTANT_CONVERSION = YES;
				CLANG_WARN_DEPRECATED_OBJC_IMPLEMENTATIONS = YES;
				CLANG_WARN_DIRECT_OBJC_ISA_USAGE = YES_ERROR;
				CLANG_WARN_DOCUMENTATION_COMMENTS = YES;
				CLANG_WARN_EMPTY_BODY = YES;
				CLANG_WARN_ENUM_CONVERSION = YES;
				CLANG_WARN_INFINITE_RECURSION = YES;
				CLANG_WARN_INT_CONVERSION = YES;
				CLANG_WARN_NON_LITERAL_NULL_CONVERSION = YES;
				CLANG_WARN_OBJC_IMPLICIT_RETAIN_SELF = YES;
				CLANG_WARN_OBJC_LITERAL_CONVERSION = YES;
				CLANG_WARN_OBJC_ROOT_CLASS = YES_ERROR;
				CLANG_WARN_QUOTED_INCLUDE_IN_FRAMEWORK_HEADER = YES;
				CLANG_WARN_RANGE_LOOP_ANALYSIS = YES;
				CLANG_WARN_STRICT_PROTOTYPES = YES;
				CLANG_WARN_SUSPICIOUS_MOVE = YES;
				CLANG_WARN_UNGUARDED_AVAILABILITY = YES_AGGRESSIVE;
				CLANG_WARN_UNREACHABLE_CODE = YES;
				CLANG_WARN__DUPLICATE_METHOD_MATCH = YES;
				COPY_PHASE_STRIP = NO;
				DEBUG_INFORMATION_FORMAT = "dwarf-with-dsym";
				ENABLE_NS_ASSERTIONS = NO;
				ENABLE_STRICT_OBJC_MSGSEND = YES;
				GCC_C_LANGUAGE_STANDARD = gnu11;
				GCC_NO_COMMON_BLOCKS = YES;
				GCC_WARN_64_TO_32_BIT_CONVERSION = YES;
				GCC_WARN_ABOUT_RETURN_TYPE = YES_ERROR;
				GCC_WARN_UNDECLARED_SELECTOR = YES;
				GCC_WARN_UNINITIALIZED_AUTOS = YES_AGGRESSIVE;
				GCC_WARN_UNUSED_FUNCTION = YES;
				GCC_WARN_UNUSED_VARIABLE = YES;
				IPHONEOS_DEPLOYMENT_TARGET = 14.5;
				MTL_ENABLE_DEBUG_INFO = NO;
				MTL_FAST_MATH = YES;
				SDKROOT = iphoneos;
				SWIFT_COMPILATION_MODE = wholemodule;
				SWIFT_OPTIMIZATION_LEVEL = "-O";
				VALIDATE_PRODUCT = YES;
			};
			name = Release;
		};
		244234812622732D009AAFDD /* Debug */ = {
			isa = XCBuildConfiguration;
			buildSettings = {
				ASSETCATALOG_COMPILER_APPICON_NAME = AppIcon;
				ASSETCATALOG_COMPILER_GLOBAL_ACCENT_COLOR_NAME = AccentColor;
				CODE_SIGN_ENTITLEMENTS = TypeStyle/TypeStyle.entitlements;
				CODE_SIGN_STYLE = Automatic;
				CURRENT_PROJECT_VERSION = 14;
				DEVELOPMENT_ASSET_PATHS = "\"TypeStyle/Preview Content\"";
				DEVELOPMENT_TEAM = H7ATB2ZBVD;
				ENABLE_PREVIEWS = YES;
				INFOPLIST_FILE = TypeStyle/Info.plist;
				IPHONEOS_DEPLOYMENT_TARGET = 14.0;
				LD_RUNPATH_SEARCH_PATHS = (
					"$(inherited)",
					"@executable_path/Frameworks",
				);
				MARKETING_VERSION = 2;
				PRODUCT_BUNDLE_IDENTIFIER = com.ebelinski.TypeStyle;
				PRODUCT_NAME = "$(TARGET_NAME)";
				SUPPORTS_MACCATALYST = YES;
				SWIFT_VERSION = 5.0;
				TARGETED_DEVICE_FAMILY = "1,2,6";
			};
			name = Debug;
		};
		244234822622732D009AAFDD /* Release */ = {
			isa = XCBuildConfiguration;
			buildSettings = {
				ASSETCATALOG_COMPILER_APPICON_NAME = AppIcon;
				ASSETCATALOG_COMPILER_GLOBAL_ACCENT_COLOR_NAME = AccentColor;
				CODE_SIGN_ENTITLEMENTS = TypeStyle/TypeStyle.entitlements;
				CODE_SIGN_STYLE = Automatic;
				CURRENT_PROJECT_VERSION = 14;
				DEVELOPMENT_ASSET_PATHS = "\"TypeStyle/Preview Content\"";
				DEVELOPMENT_TEAM = H7ATB2ZBVD;
				ENABLE_PREVIEWS = YES;
				INFOPLIST_FILE = TypeStyle/Info.plist;
				IPHONEOS_DEPLOYMENT_TARGET = 14.0;
				LD_RUNPATH_SEARCH_PATHS = (
					"$(inherited)",
					"@executable_path/Frameworks",
				);
				MARKETING_VERSION = 2;
				PRODUCT_BUNDLE_IDENTIFIER = com.ebelinski.TypeStyle;
				PRODUCT_NAME = "$(TARGET_NAME)";
				SUPPORTS_MACCATALYST = YES;
				SWIFT_VERSION = 5.0;
				TARGETED_DEVICE_FAMILY = "1,2,6";
			};
			name = Release;
		};
		244234842622732D009AAFDD /* Debug */ = {
			isa = XCBuildConfiguration;
			buildSettings = {
				ALWAYS_EMBED_SWIFT_STANDARD_LIBRARIES = YES;
				BUNDLE_LOADER = "$(TEST_HOST)";
				CODE_SIGN_STYLE = Automatic;
				DEVELOPMENT_TEAM = H7ATB2ZBVD;
				INFOPLIST_FILE = TypeStyleTests/Info.plist;
				IPHONEOS_DEPLOYMENT_TARGET = 14.0;
				LD_RUNPATH_SEARCH_PATHS = (
					"$(inherited)",
					"@executable_path/Frameworks",
					"@loader_path/Frameworks",
				);
				PRODUCT_BUNDLE_IDENTIFIER = com.ebelinski.TypeStyleTests;
				PRODUCT_NAME = "$(TARGET_NAME)";
				SWIFT_VERSION = 5.0;
				TARGETED_DEVICE_FAMILY = "1,2";
				TEST_HOST = "$(BUILT_PRODUCTS_DIR)/TypeStyle.app/TypeStyle";
			};
			name = Debug;
		};
		244234852622732D009AAFDD /* Release */ = {
			isa = XCBuildConfiguration;
			buildSettings = {
				ALWAYS_EMBED_SWIFT_STANDARD_LIBRARIES = YES;
				BUNDLE_LOADER = "$(TEST_HOST)";
				CODE_SIGN_STYLE = Automatic;
				DEVELOPMENT_TEAM = H7ATB2ZBVD;
				INFOPLIST_FILE = TypeStyleTests/Info.plist;
				IPHONEOS_DEPLOYMENT_TARGET = 14.0;
				LD_RUNPATH_SEARCH_PATHS = (
					"$(inherited)",
					"@executable_path/Frameworks",
					"@loader_path/Frameworks",
				);
				PRODUCT_BUNDLE_IDENTIFIER = com.ebelinski.TypeStyleTests;
				PRODUCT_NAME = "$(TARGET_NAME)";
				SWIFT_VERSION = 5.0;
				TARGETED_DEVICE_FAMILY = "1,2";
				TEST_HOST = "$(BUILT_PRODUCTS_DIR)/TypeStyle.app/TypeStyle";
			};
			name = Release;
		};
/* End XCBuildConfiguration section */

/* Begin XCConfigurationList section */
		244234562622732D009AAFDD /* Build configuration list for PBXProject "TypeStyle" */ = {
			isa = XCConfigurationList;
			buildConfigurations = (
				2442347E2622732D009AAFDD /* Debug */,
				2442347F2622732D009AAFDD /* Release */,
			);
			defaultConfigurationIsVisible = 0;
			defaultConfigurationName = Release;
		};
		244234802622732D009AAFDD /* Build configuration list for PBXNativeTarget "TypeStyle" */ = {
			isa = XCConfigurationList;
			buildConfigurations = (
				244234812622732D009AAFDD /* Debug */,
				244234822622732D009AAFDD /* Release */,
			);
			defaultConfigurationIsVisible = 0;
			defaultConfigurationName = Release;
		};
		244234832622732D009AAFDD /* Build configuration list for PBXNativeTarget "TypeStyleTests" */ = {
			isa = XCConfigurationList;
			buildConfigurations = (
				244234842622732D009AAFDD /* Debug */,
				244234852622732D009AAFDD /* Release */,
			);
			defaultConfigurationIsVisible = 0;
			defaultConfigurationName = Release;
		};
/* End XCConfigurationList section */
	};
	rootObject = 244234532622732D009AAFDD /* Project object */;
}
